
Microsoft Visual Studio Solution File, Format Version 12.00
# Visual Studio Version 17
VisualStudioVersion = 17.10.35004.147
MinimumVisualStudioVersion = 10.0.40219.1
Project("{9A19103F-16F7-4668-BE54-9A1E7A4F7556}") = "CityInfo.API", "CityInfo.API\CityInfo.API.csproj", "{7DEE95CD-1DC6-46D3-8AB4-A87584A7FC81}"
EndProject
Project("{2150E333-8FDC-42A3-9474-1A3956D46DE8}") = "Solution Items", "Solution Items", "{8FCDE46B-11E9-494C-951E-F98D3AE64328}"
EndProject
Global
	GlobalSection(SolutionConfigurationPlatforms) = preSolution
		Debug|Any CPU = Debug|Any CPU
		Release|Any CPU = Release|Any CPU
	EndGlobalSection
	GlobalSection(ProjectConfigurationPlatforms) = postSolution
		{7DEE95CD-1DC6-46D3-8AB4-A87584A7FC81}.Debug|Any CPU.ActiveCfg = Debug|Any CPU
		{7DEE95CD-1DC6-46D3-8AB4-A87584A7FC81}.Debug|Any CPU.Build.0 = Debug|Any CPU
		{7DEE95CD-1DC6-46D3-8AB4-A87584A7FC81}.Release|Any CPU.ActiveCfg = Release|Any CPU
		{7DEE95CD-1DC6-46D3-8AB4-A87584A7FC81}.Release|Any CPU.Build.0 = Release|Any CPU
	EndGlobalSection
	GlobalSection(SolutionProperties) = preSolution
		HideSolutionNode = FALSE
	EndGlobalSection
	GlobalSection(ExtensibilityGlobals) = postSolution
		SolutionGuid = {F29344E5-42BF-4203-BC05-224C80600ED6}
	EndGlobalSection
EndGlobal
